# This file is automatically @generated by Cargo.
# It is not intended for manual editing.
version = 4

[[package]]
name = "display"
version = "0.1.0"
dependencies = [
 "language",
 "multibuffer",
 "text",
]

[[package]]
name = "editor"
version = "0.1.0"
dependencies = [
 "display",
 "language",
 "multibuffer",
 "text",
]

[[package]]
name = "language"
version = "0.1.0"
dependencies = [
 "text",
]

[[package]]
name = "multibuffer"
version = "0.1.0"
dependencies = [
 "language",
 "text",
]

[[package]]
name = "project"
version = "0.1.0"
dependencies = [
 "editor",
 "language",
 "text",
]

[[package]]
name = "rope"
version = "0.1.0"

[[package]]
name = "text"
version = "0.1.0"
dependencies = [
 "rope",
]
